// !$*UTF8*$!
{
	archiveVersion = 1;
	classes = {
	};
	objectVersion = 56;
	objects = {

/* Begin PBXBuildFile section */
		2C0516882B2C9964005D6E6A /* iOSPlaygroundApp.swift in Sources */ = {isa = PBXBuildFile; fileRef = 2C0516872B2C9964005D6E6A /* iOSPlaygroundApp.swift */; };
		2C05168A2B2C9964005D6E6A /* ContentView.swift in Sources */ = {isa = PBXBuildFile; fileRef = 2C0516892B2C9964005D6E6A /* ContentView.swift */; };
		2C05168C2B2C9965005D6E6A /* Assets.xcassets in Resources */ = {isa = PBXBuildFile; fileRef = 2C05168B2B2C9965005D6E6A /* Assets.xcassets */; };
		2C0516902B2C9965005D6E6A /* Preview Assets.xcassets in Resources */ = {isa = PBXBuildFile; fileRef = 2C05168F2B2C9965005D6E6A /* Preview Assets.xcassets */; };
		2C05169A2B2C9966005D6E6A /* iOSPlaygroundTests.swift in Sources */ = {isa = PBXBuildFile; fileRef = 2C0516992B2C9966005D6E6A /* iOSPlaygroundTests.swift */; };
		2C0516A42B2C9966005D6E6A /* iOSPlaygroundUITests.swift in Sources */ = {isa = PBXBuildFile; fileRef = 2C0516A32B2C9966005D6E6A /* iOSPlaygroundUITests.swift */; };
		2C0516A62B2C9966005D6E6A /* iOSPlaygroundUITestsLaunchTests.swift in Sources */ = {isa = PBXBuildFile; fileRef = 2C0516A52B2C9966005D6E6A /* iOSPlaygroundUITestsLaunchTests.swift */; };
/* End PBXBuildFile section */

/* Begin PBXContainerItemProxy section */
		2C0516962B2C9966005D6E6A /* PBXContainerItemProxy */ = {
			isa = PBXContainerItemProxy;
			containerPortal = 2C05167C2B2C9964005D6E6A /* Project object */;
			proxyType = 1;
			remoteGlobalIDString = 2C0516832B2C9964005D6E6A;
			remoteInfo = iOSPlayground;
		};
		2C0516A02B2C9966005D6E6A /* PBXContainerItemProxy */ = {
			isa = PBXContainerItemProxy;
			containerPortal = 2C05167C2B2C9964005D6E6A /* Project object */;
			proxyType = 1;
			remoteGlobalIDString = 2C0516832B2C9964005D6E6A;
			remoteInfo = iOSPlayground;
		};
/* End PBXContainerItemProxy section */

/* Begin PBXFileReference section */
		2C0516842B2C9964005D6E6A /* iOSPlayground.app */ = {isa = PBXFileReference; explicitFileType = wrapper.application; includeInIndex = 0; path = iOSPlayground.app; sourceTree = BUILT_PRODUCTS_DIR; };
		2C0516872B2C9964005D6E6A /* iOSPlaygroundApp.swift */ = {isa = PBXFileReference; lastKnownFileType = sourcecode.swift; path = iOSPlaygroundApp.swift; sourceTree = "<group>"; };
		2C0516892B2C9964005D6E6A /* ContentView.swift */ = {isa = PBXFileReference; lastKnownFileType = sourcecode.swift; path = ContentView.swift; sourceTree = "<group>"; };
		2C05168B2B2C9965005D6E6A /* Assets.xcassets */ = {isa = PBXFileReference; lastKnownFileType = folder.assetcatalog; path = Assets.xcassets; sourceTree = "<group>"; };
		2C05168D2B2C9965005D6E6A /* iOSPlayground.entitlements */ = {isa = PBXFileReference; lastKnownFileType = text.plist.entitlements; path = iOSPlayground.entitlements; sourceTree = "<group>"; };
		2C05168F2B2C9965005D6E6A /* Preview Assets.xcassets */ = {isa = PBXFileReference; lastKnownFileType = folder.assetcatalog; path = "Preview Assets.xcassets"; sourceTree = "<group>"; };
		2C0516952B2C9966005D6E6A /* iOSPlaygroundTests.xctest */ = {isa = PBXFileReference; explicitFileType = wrapper.cfbundle; includeInIndex = 0; path = iOSPlaygroundTests.xctest; sourceTree = BUILT_PRODUCTS_DIR; };
		2C0516992B2C9966005D6E6A /* iOSPlaygroundTests.swift */ = {isa = PBXFileReference; lastKnownFileType = sourcecode.swift; path = iOSPlaygroundTests.swift; sourceTree = "<group>"; };
		2C05169F2B2C9966005D6E6A /* iOSPlaygroundUITests.xctest */ = {isa = PBXFileReference; explicitFileType = wrapper.cfbundle; includeInIndex = 0; path = iOSPlaygroundUITests.xctest; sourceTree = BUILT_PRODUCTS_DIR; };
		2C0516A32B2C9966005D6E6A /* iOSPlaygroundUITests.swift */ = {isa = PBXFileReference; lastKnownFileType = sourcecode.swift; path = iOSPlaygroundUITests.swift; sourceTree = "<group>"; };
		2C0516A52B2C9966005D6E6A /* iOSPlaygroundUITestsLaunchTests.swift */ = {isa = PBXFileReference; lastKnownFileType = sourcecode.swift; path = iOSPlaygroundUITestsLaunchTests.swift; sourceTree = "<group>"; };
/* End PBXFileReference section */

/* Begin PBXFrameworksBuildPhase section */
		2C0516812B2C9964005D6E6A /* Frameworks */ = {
			isa = PBXFrameworksBuildPhase;
			buildActionMask = 2147483647;
			files = (
			);
			runOnlyForDeploymentPostprocessing = 0;
		};
		2C0516922B2C9966005D6E6A /* Frameworks */ = {
			isa = PBXFrameworksBuildPhase;
			buildActionMask = 2147483647;
			files = (
			);
			runOnlyForDeploymentPostprocessing = 0;
		};
		2C05169C2B2C9966005D6E6A /* Frameworks */ = {
			isa = PBXFrameworksBuildPhase;
			buildActionMask = 2147483647;
			files = (
			);
			runOnlyForDeploymentPostprocessing = 0;
		};
/* End PBXFrameworksBuildPhase section */

/* Begin PBXGroup section */
		2C05167B2B2C9964005D6E6A = {
			isa = PBXGroup;
			children = (
				2C0516862B2C9964005D6E6A /* iOSPlayground */,
				2C0516982B2C9966005D6E6A /* iOSPlaygroundTests */,
				2C0516A22B2C9966005D6E6A /* iOSPlaygroundUITests */,
				2C0516852B2C9964005D6E6A /* Products */,
			);
			sourceTree = "<group>";
		};
		2C0516852B2C9964005D6E6A /* Products */ = {
			isa = PBXGroup;
			children = (
				2C0516842B2C9964005D6E6A /* iOSPlayground.app */,
				2C0516952B2C9966005D6E6A /* iOSPlaygroundTests.xctest */,
				2C05169F2B2C9966005D6E6A /* iOSPlaygroundUITests.xctest */,
			);
			name = Products;
			sourceTree = "<group>";
		};
		2C0516862B2C9964005D6E6A /* iOSPlayground */ = {
			isa = PBXGroup;
			children = (
				2C0516872B2C9964005D6E6A /* iOSPlaygroundApp.swift */,
				2C0516892B2C9964005D6E6A /* ContentView.swift */,
				2C05168B2B2C9965005D6E6A /* Assets.xcassets */,
				2C05168D2B2C9965005D6E6A /* iOSPlayground.entitlements */,
				2C05168E2B2C9965005D6E6A /* Preview Content */,
			);
			path = iOSPlayground;
			sourceTree = "<group>";
		};
		2C05168E2B2C9965005D6E6A /* Preview Content */ = {
			isa = PBXGroup;
			children = (
				2C05168F2B2C9965005D6E6A /* Preview Assets.xcassets */,
			);
			path = "Preview Content";
			sourceTree = "<group>";
		};
		2C0516982B2C9966005D6E6A /* iOSPlaygroundTests */ = {
			isa = PBXGroup;
			children = (
				2C0516992B2C9966005D6E6A /* iOSPlaygroundTests.swift */,
			);
			path = iOSPlaygroundTests;
			sourceTree = "<group>";
		};
		2C0516A22B2C9966005D6E6A /* iOSPlaygroundUITests */ = {
			isa = PBXGroup;
			children = (
				2C0516A32B2C9966005D6E6A /* iOSPlaygroundUITests.swift */,
				2C0516A52B2C9966005D6E6A /* iOSPlaygroundUITestsLaunchTests.swift */,
			);
			path = iOSPlaygroundUITests;
			sourceTree = "<group>";
		};
/* End PBXGroup section */

/* Begin PBXNativeTarget section */
		2C0516832B2C9964005D6E6A /* iOSPlayground */ = {
			isa = PBXNativeTarget;
			buildConfigurationList = 2C0516A92B2C9966005D6E6A /* Build configuration list for PBXNativeTarget "iOSPlayground" */;
			buildPhases = (
				2C0516802B2C9964005D6E6A /* Sources */,
				2C0516812B2C9964005D6E6A /* Frameworks */,
				2C0516822B2C9964005D6E6A /* Resources */,
			);
			buildRules = (
			);
			dependencies = (
			);
			name = iOSPlayground;
			productName = iOSPlayground;
			productReference = 2C0516842B2C9964005D6E6A /* iOSPlayground.app */;
			productType = "com.apple.product-type.application";
		};
		2C0516942B2C9966005D6E6A /* iOSPlaygroundTests */ = {
			isa = PBXNativeTarget;
			buildConfigurationList = 2C0516AC2B2C9966005D6E6A /* Build configuration list for PBXNativeTarget "iOSPlaygroundTests" */;
			buildPhases = (
				2C0516912B2C9966005D6E6A /* Sources */,
				2C0516922B2C9966005D6E6A /* Frameworks */,
				2C0516932B2C9966005D6E6A /* Resources */,
			);
			buildRules = (
			);
			dependencies = (
				2C0516972B2C9966005D6E6A /* PBXTargetDependency */,
			);
			name = iOSPlaygroundTests;
			productName = iOSPlaygroundTests;
			productReference = 2C0516952B2C9966005D6E6A /* iOSPlaygroundTests.xctest */;
			productType = "com.apple.product-type.bundle.unit-test";
		};
		2C05169E2B2C9966005D6E6A /* iOSPlaygroundUITests */ = {
			isa = PBXNativeTarget;
			buildConfigurationList = 2C0516AF2B2C9966005D6E6A /* Build configuration list for PBXNativeTarget "iOSPlaygroundUITests" */;
			buildPhases = (
				2C05169B2B2C9966005D6E6A /* Sources */,
				2C05169C2B2C9966005D6E6A /* Frameworks */,
				2C05169D2B2C9966005D6E6A /* Resources */,
			);
			buildRules = (
			);
			dependencies = (
				2C0516A12B2C9966005D6E6A /* PBXTargetDependency */,
			);
			name = iOSPlaygroundUITests;
			productName = iOSPlaygroundUITests;
			productReference = 2C05169F2B2C9966005D6E6A /* iOSPlaygroundUITests.xctest */;
			productType = "com.apple.product-type.bundle.ui-testing";
		};
/* End PBXNativeTarget section */

/* Begin PBXProject section */
		2C05167C2B2C9964005D6E6A /* Project object */ = {
			isa = PBXProject;
			attributes = {
				BuildIndependentTargetsInParallel = 1;
				LastSwiftUpdateCheck = 1510;
				LastUpgradeCheck = 1510;
				TargetAttributes = {
					2C0516832B2C9964005D6E6A = {
						CreatedOnToolsVersion = 15.1;
					};
					2C0516942B2C9966005D6E6A = {
						CreatedOnToolsVersion = 15.1;
						TestTargetID = 2C0516832B2C9964005D6E6A;
					};
					2C05169E2B2C9966005D6E6A = {
						CreatedOnToolsVersion = 15.1;
						TestTargetID = 2C0516832B2C9964005D6E6A;
					};
				};
			};
			buildConfigurationList = 2C05167F2B2C9964005D6E6A /* Build configuration list for PBXProject "iOSPlayground" */;
			compatibilityVersion = "Xcode 14.0";
			developmentRegion = en;
			hasScannedForEncodings = 0;
			knownRegions = (
				en,
				Base,
			);
			mainGroup = 2C05167B2B2C9964005D6E6A;
			productRefGroup = 2C0516852B2C9964005D6E6A /* Products */;
			projectDirPath = "";
			projectRoot = "";
			targets = (
				2C0516832B2C9964005D6E6A /* iOSPlayground */,
				2C0516942B2C9966005D6E6A /* iOSPlaygroundTests */,
				2C05169E2B2C9966005D6E6A /* iOSPlaygroundUITests */,
			);
		};
/* End PBXProject section */

/* Begin PBXResourcesBuildPhase section */
		2C0516822B2C9964005D6E6A /* Resources */ = {
			isa = PBXResourcesBuildPhase;
			buildActionMask = 2147483647;
			files = (
				2C0516902B2C9965005D6E6A /* Preview Assets.xcassets in Resources */,
				2C05168C2B2C9965005D6E6A /* Assets.xcassets in Resources */,
			);
			runOnlyForDeploymentPostprocessing = 0;
		};
		2C0516932B2C9966005D6E6A /* Resources */ = {
			isa = PBXResourcesBuildPhase;
			buildActionMask = 2147483647;
			files = (
			);
			runOnlyForDeploymentPostprocessing = 0;
		};
		2C05169D2B2C9966005D6E6A /* Resources */ = {
			isa = PBXResourcesBuildPhase;
			buildActionMask = 2147483647;
			files = (
			);
			runOnlyForDeploymentPostprocessing = 0;
		};
/* End PBXResourcesBuildPhase section */

/* Begin PBXSourcesBuildPhase section */
		2C0516802B2C9964005D6E6A /* Sources */ = {
			isa = PBXSourcesBuildPhase;
			buildActionMask = 2147483647;
			files = (
				2C05168A2B2C9964005D6E6A /* ContentView.swift in Sources */,
				2C0516882B2C9964005D6E6A /* iOSPlaygroundApp.swift in Sources */,
			);
			runOnlyForDeploymentPostprocessing = 0;
		};
		2C0516912B2C9966005D6E6A /* Sources */ = {
			isa = PBXSourcesBuildPhase;
			buildActionMask = 2147483647;
			files = (
				2C05169A2B2C9966005D6E6A /* iOSPlaygroundTests.swift in Sources */,
			);
			runOnlyForDeploymentPostprocessing = 0;
		};
		2C05169B2B2C9966005D6E6A /* Sources */ = {
			isa = PBXSourcesBuildPhase;
			buildActionMask = 2147483647;
			files = (
				2C0516A42B2C9966005D6E6A /* iOSPlaygroundUITests.swift in Sources */,
				2C0516A62B2C9966005D6E6A /* iOSPlaygroundUITestsLaunchTests.swift in Sources */,
			);
			runOnlyForDeploymentPostprocessing = 0;
		};
/* End PBXSourcesBuildPhase section */

/* Begin PBXTargetDependency section */
		2C0516972B2C9966005D6E6A /* PBXTargetDependency */ = {
			isa = PBXTargetDependency;
			target = 2C0516832B2C9964005D6E6A /* iOSPlayground */;
			targetProxy = 2C0516962B2C9966005D6E6A /* PBXContainerItemProxy */;
		};
		2C0516A12B2C9966005D6E6A /* PBXTargetDependency */ = {
			isa = PBXTargetDependency;
			target = 2C0516832B2C9964005D6E6A /* iOSPlayground */;
			targetProxy = 2C0516A02B2C9966005D6E6A /* PBXContainerItemProxy */;
		};
/* End PBXTargetDependency section */

/* Begin XCBuildConfiguration section */
		2C0516A72B2C9966005D6E6A /* Debug */ = {
			isa = XCBuildConfiguration;
			buildSettings = {
				ALWAYS_SEARCH_USER_PATHS = NO;
				ASSETCATALOG_COMPILER_GENERATE_SWIFT_ASSET_SYMBOL_EXTENSIONS = YES;
				CLANG_ANALYZER_NONNULL = YES;
				CLANG_ANALYZER_NUMBER_OBJECT_CONVERSION = YES_AGGRESSIVE;
				CLANG_CXX_LANGUAGE_STANDARD = "gnu++20";
				CLANG_ENABLE_MODULES = YES;
				CLANG_ENABLE_OBJC_ARC = YES;
				CLANG_ENABLE_OBJC_WEAK = YES;
				CLANG_WARN_BLOCK_CAPTURE_AUTORELEASING = YES;
				CLANG_WARN_BOOL_CONVERSION = YES;
				CLANG_WARN_COMMA = YES;
				CLANG_WARN_CONSTANT_CONVERSION = YES;
				CLANG_WARN_DEPRECATED_OBJC_IMPLEMENTATIONS = YES;
				CLANG_WARN_DIRECT_OBJC_ISA_USAGE = YES_ERROR;
				CLANG_WARN_DOCUMENTATION_COMMENTS = YES;
				CLANG_WARN_EMPTY_BODY = YES;
				CLANG_WARN_ENUM_CONVERSION = YES;
				CLANG_WARN_INFINITE_RECURSION = YES;
				CLANG_WARN_INT_CONVERSION = YES;
				CLANG_WARN_NON_LITERAL_NULL_CONVERSION = YES;
				CLANG_WARN_OBJC_IMPLICIT_RETAIN_SELF = YES;
				CLANG_WARN_OBJC_LITERAL_CONVERSION = YES;
				CLANG_WARN_OBJC_ROOT_CLASS = YES_ERROR;
				CLANG_WARN_QUOTED_INCLUDE_IN_FRAMEWORK_HEADER = YES;
				CLANG_WARN_RANGE_LOOP_ANALYSIS = YES;
				CLANG_WARN_STRICT_PROTOTYPES = YES;
				CLANG_WARN_SUSPICIOUS_MOVE = YES;
				CLANG_WARN_UNGUARDED_AVAILABILITY = YES_AGGRESSIVE;
				CLANG_WARN_UNREACHABLE_CODE = YES;
				CLANG_WARN__DUPLICATE_METHOD_MATCH = YES;
				COPY_PHASE_STRIP = NO;
				DEBUG_INFORMATION_FORMAT = dwarf;
				ENABLE_STRICT_OBJC_MSGSEND = YES;
				ENABLE_TESTABILITY = YES;
				ENABLE_USER_SCRIPT_SANDBOXING = YES;
				GCC_C_LANGUAGE_STANDARD = gnu17;
				GCC_DYNAMIC_NO_PIC = NO;
				GCC_NO_COMMON_BLOCKS = YES;
				GCC_OPTIMIZATION_LEVEL = 0;
				GCC_PREPROCESSOR_DEFINITIONS = (
					"DEBUG=1",
					"$(inherited)",
				);
				GCC_WARN_64_TO_32_BIT_CONVERSION = YES;
				GCC_WARN_ABOUT_RETURN_TYPE = YES_ERROR;
				GCC_WARN_UNDECLARED_SELECTOR = YES;
				GCC_WARN_UNINITIALIZED_AUTOS = YES_AGGRESSIVE;
				GCC_WARN_UNUSED_FUNCTION = YES;
				GCC_WARN_UNUSED_VARIABLE = YES;
				LOCALIZATION_PREFERS_STRING_CATALOGS = YES;
				MTL_ENABLE_DEBUG_INFO = INCLUDE_SOURCE;
				MTL_FAST_MATH = YES;
				ONLY_ACTIVE_ARCH = YES;
				SWIFT_ACTIVE_COMPILATION_CONDITIONS = "DEBUG $(inherited)";
				SWIFT_OPTIMIZATION_LEVEL = "-Onone";
			};
			name = Debug;
		};
		2C0516A82B2C9966005D6E6A /* Release */ = {
			isa = XCBuildConfiguration;
			buildSettings = {
				ALWAYS_SEARCH_USER_PATHS = NO;
				ASSETCATALOG_COMPILER_GENERATE_SWIFT_ASSET_SYMBOL_EXTENSIONS = YES;
				CLANG_ANALYZER_NONNULL = YES;
				CLANG_ANALYZER_NUMBER_OBJECT_CONVERSION = YES_AGGRESSIVE;
				CLANG_CXX_LANGUAGE_STANDARD = "gnu++20";
				CLANG_ENABLE_MODULES = YES;
				CLANG_ENABLE_OBJC_ARC = YES;
				CLANG_ENABLE_OBJC_WEAK = YES;
				CLANG_WARN_BLOCK_CAPTURE_AUTORELEASING = YES;
				CLANG_WARN_BOOL_CONVERSION = YES;
				CLANG_WARN_COMMA = YES;
				CLANG_WARN_CONSTANT_CONVERSION = YES;
				CLANG_WARN_DEPRECATED_OBJC_IMPLEMENTATIONS = YES;
				CLANG_WARN_DIRECT_OBJC_ISA_USAGE = YES_ERROR;
				CLANG_WARN_DOCUMENTATION_COMMENTS = YES;
				CLANG_WARN_EMPTY_BODY = YES;
				CLANG_WARN_ENUM_CONVERSION = YES;
				CLANG_WARN_INFINITE_RECURSION = YES;
				CLANG_WARN_INT_CONVERSION = YES;
				CLANG_WARN_NON_LITERAL_NULL_CONVERSION = YES;
				CLANG_WARN_OBJC_IMPLICIT_RETAIN_SELF = YES;
				CLANG_WARN_OBJC_LITERAL_CONVERSION = YES;
				CLANG_WARN_OBJC_ROOT_CLASS = YES_ERROR;
				CLANG_WARN_QUOTED_INCLUDE_IN_FRAMEWORK_HEADER = YES;
				CLANG_WARN_RANGE_LOOP_ANALYSIS = YES;
				CLANG_WARN_STRICT_PROTOTYPES = YES;
				CLANG_WARN_SUSPICIOUS_MOVE = YES;
				CLANG_WARN_UNGUARDED_AVAILABILITY = YES_AGGRESSIVE;
				CLANG_WARN_UNREACHABLE_CODE = YES;
				CLANG_WARN__DUPLICATE_METHOD_MATCH = YES;
				COPY_PHASE_STRIP = NO;
				DEBUG_INFORMATION_FORMAT = "dwarf-with-dsym";
				ENABLE_NS_ASSERTIONS = NO;
				ENABLE_STRICT_OBJC_MSGSEND = YES;
				ENABLE_USER_SCRIPT_SANDBOXING = YES;
				GCC_C_LANGUAGE_STANDARD = gnu17;
				GCC_NO_COMMON_BLOCKS = YES;
				GCC_WARN_64_TO_32_BIT_CONVERSION = YES;
				GCC_WARN_ABOUT_RETURN_TYPE = YES_ERROR;
				GCC_WARN_UNDECLARED_SELECTOR = YES;
				GCC_WARN_UNINITIALIZED_AUTOS = YES_AGGRESSIVE;
				GCC_WARN_UNUSED_FUNCTION = YES;
				GCC_WARN_UNUSED_VARIABLE = YES;
				LOCALIZATION_PREFERS_STRING_CATALOGS = YES;
				MTL_ENABLE_DEBUG_INFO = NO;
				MTL_FAST_MATH = YES;
				SWIFT_COMPILATION_MODE = wholemodule;
			};
			name = Release;
		};
		2C0516AA2B2C9966005D6E6A /* Debug */ = {
			isa = XCBuildConfiguration;
			buildSettings = {
				ASSETCATALOG_COMPILER_APPICON_NAME = AppIcon;
				ASSETCATALOG_COMPILER_GLOBAL_ACCENT_COLOR_NAME = AccentColor;
				CODE_SIGN_ENTITLEMENTS = iOSPlayground/iOSPlayground.entitlements;
				CODE_SIGN_STYLE = Automatic;
				CURRENT_PROJECT_VERSION = 1;
				DEVELOPMENT_ASSET_PATHS = "\"iOSPlayground/Preview Content\"";
				ENABLE_PREVIEWS = YES;
				GENERATE_INFOPLIST_FILE = YES;
				"INFOPLIST_KEY_UIApplicationSceneManifest_Generation[sdk=iphoneos*]" = YES;
				"INFOPLIST_KEY_UIApplicationSceneManifest_Generation[sdk=iphonesimulator*]" = YES;
				"INFOPLIST_KEY_UIApplicationSupportsIndirectInputEvents[sdk=iphoneos*]" = YES;
				"INFOPLIST_KEY_UIApplicationSupportsIndirectInputEvents[sdk=iphonesimulator*]" = YES;
				"INFOPLIST_KEY_UILaunchScreen_Generation[sdk=iphoneos*]" = YES;
				"INFOPLIST_KEY_UILaunchScreen_Generation[sdk=iphonesimulator*]" = YES;
				"INFOPLIST_KEY_UIStatusBarStyle[sdk=iphoneos*]" = UIStatusBarStyleDefault;
				"INFOPLIST_KEY_UIStatusBarStyle[sdk=iphonesimulator*]" = UIStatusBarStyleDefault;
				INFOPLIST_KEY_UISupportedInterfaceOrientations_iPad = "UIInterfaceOrientationPortrait UIInterfaceOrientationPortraitUpsideDown UIInterfaceOrientationLandscapeLeft UIInterfaceOrientationLandscapeRight";
				INFOPLIST_KEY_UISupportedInterfaceOrientations_iPhone = "UIInterfaceOrientationPortrait UIInterfaceOrientationLandscapeLeft UIInterfaceOrientationLandscapeRight";
				IPHONEOS_DEPLOYMENT_TARGET = 17.2;
				LD_RUNPATH_SEARCH_PATHS = "@executable_path/Frameworks";
				"LD_RUNPATH_SEARCH_PATHS[sdk=macosx*]" = "@executable_path/../Frameworks";
				MACOSX_DEPLOYMENT_TARGET = 13.6;
				MARKETING_VERSION = 1.0;
				PRODUCT_BUNDLE_IDENTIFIER = com.org.iOSPlayground;
				PRODUCT_NAME = "$(TARGET_NAME)";
				SDKROOT = auto;
				SUPPORTED_PLATFORMS = "iphoneos iphonesimulator macosx";
				SWIFT_EMIT_LOC_STRINGS = YES;
				SWIFT_VERSION = 5.0;
				TARGETED_DEVICE_FAMILY = "1,2";
			};
			name = Debug;
		};
		2C0516AB2B2C9966005D6E6A /* Release */ = {
			isa = XCBuildConfiguration;
			buildSettings = {
				ASSETCATALOG_COMPILER_APPICON_NAME = AppIcon;
				ASSETCATALOG_COMPILER_GLOBAL_ACCENT_COLOR_NAME = AccentColor;
				CODE_SIGN_ENTITLEMENTS = iOSPlayground/iOSPlayground.entitlements;
				CODE_SIGN_STYLE = Automatic;
				CURRENT_PROJECT_VERSION = 1;
				DEVELOPMENT_ASSET_PATHS = "\"iOSPlayground/Preview Content\"";
				ENABLE_PREVIEWS = YES;
				GENERATE_INFOPLIST_FILE = YES;
				"INFOPLIST_KEY_UIApplicationSceneManifest_Generation[sdk=iphoneos*]" = YES;
				"INFOPLIST_KEY_UIApplicationSceneManifest_Generation[sdk=iphonesimulator*]" = YES;
				"INFOPLIST_KEY_UIApplicationSupportsIndirectInputEvents[sdk=iphoneos*]" = YES;
				"INFOPLIST_KEY_UIApplicationSupportsIndirectInputEvents[sdk=iphonesimulator*]" = YES;
				"INFOPLIST_KEY_UILaunchScreen_Generation[sdk=iphoneos*]" = YES;
				"INFOPLIST_KEY_UILaunchScreen_Generation[sdk=iphonesimulator*]" = YES;
				"INFOPLIST_KEY_UIStatusBarStyle[sdk=iphoneos*]" = UIStatusBarStyleDefault;
				"INFOPLIST_KEY_UIStatusBarStyle[sdk=iphonesimulator*]" = UIStatusBarStyleDefault;
				INFOPLIST_KEY_UISupportedInterfaceOrientations_iPad = "UIInterfaceOrientationPortrait UIInterfaceOrientationPortraitUpsideDown UIInterfaceOrientationLandscapeLeft UIInterfaceOrientationLandscapeRight";
				INFOPLIST_KEY_UISupportedInterfaceOrientations_iPhone = "UIInterfaceOrientationPortrait UIInterfaceOrientationLandscapeLeft UIInterfaceOrientationLandscapeRight";
				IPHONEOS_DEPLOYMENT_TARGET = 17.2;
				LD_RUNPATH_SEARCH_PATHS = "@executable_path/Frameworks";
				"LD_RUNPATH_SEARCH_PATHS[sdk=macosx*]" = "@executable_path/../Frameworks";
				MACOSX_DEPLOYMENT_TARGET = 13.6;
				MARKETING_VERSION = 1.0;
				PRODUCT_BUNDLE_IDENTIFIER = com.org.iOSPlayground;
				PRODUCT_NAME = "$(TARGET_NAME)";
				SDKROOT = auto;
				SUPPORTED_PLATFORMS = "iphoneos iphonesimulator macosx";
				SWIFT_EMIT_LOC_STRINGS = YES;
				SWIFT_VERSION = 5.0;
				TARGETED_DEVICE_FAMILY = "1,2";
			};
			name = Release;
		};
		2C0516AD2B2C9966005D6E6A /* Debug */ = {
			isa = XCBuildConfiguration;
			buildSettings = {
				ALWAYS_EMBED_SWIFT_STANDARD_LIBRARIES = YES;
				BUNDLE_LOADER = "$(TEST_HOST)";
				CODE_SIGN_STYLE = Automatic;
				CURRENT_PROJECT_VERSION = 1;
				GENERATE_INFOPLIST_FILE = YES;
				IPHONEOS_DEPLOYMENT_TARGET = 17.2;
				MACOSX_DEPLOYMENT_TARGET = 13.6;
				MARKETING_VERSION = 1.0;
				PRODUCT_BUNDLE_IDENTIFIER = com.org.iOSPlaygroundTests;
				PRODUCT_NAME = "$(TARGET_NAME)";
				SDKROOT = auto;
				SUPPORTED_PLATFORMS = "iphoneos iphonesimulator macosx";
				SWIFT_EMIT_LOC_STRINGS = NO;
				SWIFT_VERSION = 5.0;
				TARGETED_DEVICE_FAMILY = "1,2";
				TEST_HOST = "$(BUILT_PRODUCTS_DIR)/iOSPlayground.app/$(BUNDLE_EXECUTABLE_FOLDER_PATH)/iOSPlayground";
			};
			name = Debug;
		};
		2C0516AE2B2C9966005D6E6A /* Release */ = {
			isa = XCBuildConfiguration;
			buildSettings = {
				ALWAYS_EMBED_SWIFT_STANDARD_LIBRARIES = YES;
				BUNDLE_LOADER = "$(TEST_HOST)";
				CODE_SIGN_STYLE = Automatic;
				CURRENT_PROJECT_VERSION = 1;
				GENERATE_INFOPLIST_FILE = YES;
				IPHONEOS_DEPLOYMENT_TARGET = 17.2;
				MACOSX_DEPLOYMENT_TARGET = 13.6;
				MARKETING_VERSION = 1.0;
				PRODUCT_BUNDLE_IDENTIFIER = com.org.iOSPlaygroundTests;
				PRODUCT_NAME = "$(TARGET_NAME)";
				SDKROOT = auto;
				SUPPORTED_PLATFORMS = "iphoneos iphonesimulator macosx";
				SWIFT_EMIT_LOC_STRINGS = NO;
				SWIFT_VERSION = 5.0;
				TARGETED_DEVICE_FAMILY = "1,2";
				TEST_HOST = "$(BUILT_PRODUCTS_DIR)/iOSPlayground.app/$(BUNDLE_EXECUTABLE_FOLDER_PATH)/iOSPlayground";
			};
			name = Release;
		};
		2C0516B02B2C9966005D6E6A /* Debug */ = {
			isa = XCBuildConfiguration;
			buildSettings = {
				ALWAYS_EMBED_SWIFT_STANDARD_LIBRARIES = YES;
				CODE_SIGN_STYLE = Automatic;
				CURRENT_PROJECT_VERSION = 1;
				GENERATE_INFOPLIST_FILE = YES;
				IPHONEOS_DEPLOYMENT_TARGET = 17.2;
				MACOSX_DEPLOYMENT_TARGET = 13.6;
				MARKETING_VERSION = 1.0;
				PRODUCT_BUNDLE_IDENTIFIER = com.org.iOSPlaygroundUITests;
				PRODUCT_NAME = "$(TARGET_NAME)";
				SDKROOT = auto;
				SUPPORTED_PLATFORMS = "iphoneos iphonesimulator macosx";
				SWIFT_EMIT_LOC_STRINGS = NO;
				SWIFT_VERSION = 5.0;
				TARGETED_DEVICE_FAMILY = "1,2";
				TEST_TARGET_NAME = iOSPlayground;
			};
			name = Debug;
		};
		2C0516B12B2C9966005D6E6A /* Release */ = {
			isa = XCBuildConfiguration;
			buildSettings = {
				ALWAYS_EMBED_SWIFT_STANDARD_LIBRARIES = YES;
				CODE_SIGN_STYLE = Automatic;
				CURRENT_PROJECT_VERSION = 1;
				GENERATE_INFOPLIST_FILE = YES;
				IPHONEOS_DEPLOYMENT_TARGET = 17.2;
				MACOSX_DEPLOYMENT_TARGET = 13.6;
				MARKETING_VERSION = 1.0;
				PRODUCT_BUNDLE_IDENTIFIER = com.org.iOSPlaygroundUITests;
				PRODUCT_NAME = "$(TARGET_NAME)";
				SDKROOT = auto;
				SUPPORTED_PLATFORMS = "iphoneos iphonesimulator macosx";
				SWIFT_EMIT_LOC_STRINGS = NO;
				SWIFT_VERSION = 5.0;
				TARGETED_DEVICE_FAMILY = "1,2";
				TEST_TARGET_NAME = iOSPlayground;
			};
			name = Release;
		};
/* End XCBuildConfiguration section */

/* Begin XCConfigurationList section */
		2C05167F2B2C9964005D6E6A /* Build configuration list for PBXProject "iOSPlayground" */ = {
			isa = XCConfigurationList;
			buildConfigurations = (
				2C0516A72B2C9966005D6E6A /* Debug */,
				2C0516A82B2C9966005D6E6A /* Release */,
			);
			defaultConfigurationIsVisible = 0;
			defaultConfigurationName = Release;
		};
		2C0516A92B2C9966005D6E6A /* Build configuration list for PBXNativeTarget "iOSPlayground" */ = {
			isa = XCConfigurationList;
			buildConfigurations = (
				2C0516AA2B2C9966005D6E6A /* Debug */,
				2C0516AB2B2C9966005D6E6A /* Release */,
			);
			defaultConfigurationIsVisible = 0;
			defaultConfigurationName = Release;
		};
		2C0516AC2B2C9966005D6E6A /* Build configuration list for PBXNativeTarget "iOSPlaygroundTests" */ = {
			isa = XCConfigurationList;
			buildConfigurations = (
				2C0516AD2B2C9966005D6E6A /* Debug */,
				2C0516AE2B2C9966005D6E6A /* Release */,
			);
			defaultConfigurationIsVisible = 0;
			defaultConfigurationName = Release;
		};
		2C0516AF2B2C9966005D6E6A /* Build configuration list for PBXNativeTarget "iOSPlaygroundUITests" */ = {
			isa = XCConfigurationList;
			buildConfigurations = (
				2C0516B02B2C9966005D6E6A /* Debug */,
				2C0516B12B2C9966005D6E6A /* Release */,
			);
			defaultConfigurationIsVisible = 0;
			defaultConfigurationName = Release;
		};
/* End XCConfigurationList section */
	};
	rootObject = 2C05167C2B2C9964005D6E6A /* Project object */;
}
